
Microsoft Visual Studio Solution File, Format Version 12.00
# Visual Studio Version 16
VisualStudioVersion = 16.0.31129.286
MinimumVisualStudioVersion = 10.0.40219.1
Project("{FAE04EC0-301F-11D3-BF4B-00C04F79EFBC}") = "ETicket", "ETicket\ETicket.csproj", "{444DADA0-ABC7-4C84-B721-40F7DA804CBE}"
EndProject
Global
	GlobalSection(SolutionConfigurationPlatforms) = preSolution
		Debug|Any CPU = Debug|Any CPU
		Release|Any CPU = Release|Any CPU
	EndGlobalSection
	GlobalSection(ProjectConfigurationPlatforms) = postSolution
		{444DADA0-ABC7-4C84-B721-40F7DA804CBE}.Debug|Any CPU.ActiveCfg = Debug|Any CPU
		{444DADA0-ABC7-4C84-B721-40F7DA804CBE}.Debug|Any CPU.Build.0 = Debug|Any CPU
		{444DADA0-ABC7-4C84-B721-40F7DA804CBE}.Release|Any CPU.ActiveCfg = Release|Any CPU
		{444DADA0-ABC7-4C84-B721-40F7DA804CBE}.Release|Any CPU.Build.0 = Release|Any CPU
	EndGlobalSection
	GlobalSection(SolutionProperties) = preSolution
		HideSolutionNode = FALSE
	EndGlobalSection
	GlobalSection(ExtensibilityGlobals) = postSolution
		SolutionGuid = {63C4161A-F06B-442B-8643-4BD9E2EB1DC2}
	EndGlobalSection
EndGlobal
